
Microsoft Visual Studio Solution File, Format Version 12.00
# Visual Studio Version 16
VisualStudioVersion = 16.0.29519.181
MinimumVisualStudioVersion = 10.0.40219.1
Project("{FAE04EC0-301F-11D3-BF4B-00C04F79EFBC}") = "CoreAPIApp", "CoreAPIApp\CoreAPIApp.csproj", "{4190E082-89D3-4C23-AE41-527C816AB2AB}"
EndProject
Global
	GlobalSection(SolutionConfigurationPlatforms) = preSolution
		Debug|Any CPU = Debug|Any CPU
		Release|Any CPU = Release|Any CPU
	EndGlobalSection
	GlobalSection(ProjectConfigurationPlatforms) = postSolution
		{4190E082-89D3-4C23-AE41-527C816AB2AB}.Debug|Any CPU.ActiveCfg = Debug|Any CPU
		{4190E082-89D3-4C23-AE41-527C816AB2AB}.Debug|Any CPU.Build.0 = Debug|Any CPU
		{4190E082-89D3-4C23-AE41-527C816AB2AB}.Release|Any CPU.ActiveCfg = Release|Any CPU
		{4190E082-89D3-4C23-AE41-527C816AB2AB}.Release|Any CPU.Build.0 = Release|Any CPU
	EndGlobalSection
	GlobalSection(SolutionProperties) = preSolution
		HideSolutionNode = FALSE
	EndGlobalSection
	GlobalSection(ExtensibilityGlobals) = postSolution
		SolutionGuid = {594BE1F5-123A-4F75-A971-4108C142BB51}
	EndGlobalSection
EndGlobal
